Microsoft Visual Studio Solution File, Format Version 12.00
# Visual Studio Version 17
VisualStudioVersion = 17.5.2.0
MinimumVisualStudioVersion = 10.0.40219.1
Project("{FAE04EC0-301F-11D3-BF4B-00C04F79EFBC}") = "vs_ai", "vs_ai.csproj", "{F88EEA8B-0C17-4346-ADF2-0EFDAD0F4124}"
EndProject
Global
	GlobalSection(SolutionConfigurationPlatforms) = preSolution
		Debug|Any CPU = Debug|Any CPU
		Release|Any CPU = Release|Any CPU
	EndGlobalSection
	GlobalSection(ProjectConfigurationPlatforms) = postSolution
		{F88EEA8B-0C17-4346-ADF2-0EFDAD0F4124}.Debug|Any CPU.ActiveCfg = Debug|Any CPU
		{F88EEA8B-0C17-4346-ADF2-0EFDAD0F4124}.Debug|Any CPU.Build.0 = Debug|Any CPU
		{F88EEA8B-0C17-4346-ADF2-0EFDAD0F4124}.Release|Any CPU.ActiveCfg = Release|Any CPU
		{F88EEA8B-0C17-4346-ADF2-0EFDAD0F4124}.Release|Any CPU.Build.0 = Release|Any CPU
	EndGlobalSection
	GlobalSection(SolutionProperties) = preSolution
		HideSolutionNode = FALSE
	EndGlobalSection
	GlobalSection(ExtensibilityGlobals) = postSolution
		SolutionGuid = {9EBA074F-5BDD-45A6-810E-B5E06A1D1C88}
	EndGlobalSection
EndGlobal
